
Microsoft Visual Studio Solution File, Format Version 12.00
# Visual Studio Version 16
VisualStudioVersion = 16.0.30804.86
MinimumVisualStudioVersion = 10.0.40219.1
Project("{FAE04EC0-301F-11D3-BF4B-00C04F79EFBC}") = "ScrumCeremony", "ScrumCeremony.csproj", "{D9644544-A923-4487-9439-2378D56849A4}"
EndProject
Global
	GlobalSection(SolutionConfigurationPlatforms) = preSolution
		Debug|Any CPU = Debug|Any CPU
		Release|Any CPU = Release|Any CPU
	EndGlobalSection
	GlobalSection(ProjectConfigurationPlatforms) = postSolution
		{D9644544-A923-4487-9439-2378D56849A4}.Debug|Any CPU.ActiveCfg = Debug|Any CPU
		{D9644544-A923-4487-9439-2378D56849A4}.Debug|Any CPU.Build.0 = Debug|Any CPU
		{D9644544-A923-4487-9439-2378D56849A4}.Release|Any CPU.ActiveCfg = Release|Any CPU
		{D9644544-A923-4487-9439-2378D56849A4}.Release|Any CPU.Build.0 = Release|Any CPU
	EndGlobalSection
	GlobalSection(SolutionProperties) = preSolution
		HideSolutionNode = FALSE
	EndGlobalSection
	GlobalSection(ExtensibilityGlobals) = postSolution
		SolutionGuid = {E29E79E4-162A-44EE-947C-B0B52A418ECF}
	EndGlobalSection
EndGlobal
